
Microsoft Visual Studio Solution File, Format Version 12.00
# Visual Studio Version 17
VisualStudioVersion = 17.10.34916.146
MinimumVisualStudioVersion = 10.0.40219.1
Project("{FAE04EC0-301F-11D3-BF4B-00C04F79EFBC}") = "WinFormsApp", "WinFormsApp\WinFormsApp.csproj", "{E354D288-5513-4303-A478-87EC0912543A}"
EndProject
Global
	GlobalSection(SolutionConfigurationPlatforms) = preSolution
		Debug|Any CPU = Debug|Any CPU
		Release|Any CPU = Release|Any CPU
	EndGlobalSection
	GlobalSection(ProjectConfigurationPlatforms) = postSolution
		{E354D288-5513-4303-A478-87EC0912543A}.Debug|Any CPU.ActiveCfg = Debug|Any CPU
		{E354D288-5513-4303-A478-87EC0912543A}.Debug|Any CPU.Build.0 = Debug|Any CPU
		{E354D288-5513-4303-A478-87EC0912543A}.Release|Any CPU.ActiveCfg = Release|Any CPU
		{E354D288-5513-4303-A478-87EC0912543A}.Release|Any CPU.Build.0 = Release|Any CPU
	EndGlobalSection
	GlobalSection(SolutionProperties) = preSolution
		HideSolutionNode = FALSE
	EndGlobalSection
	GlobalSection(ExtensibilityGlobals) = postSolution
		SolutionGuid = {08B84949-31B7-4EDB-B548-657DC04E2B4C}
	EndGlobalSection
EndGlobal
